
Microsoft Visual Studio Solution File, Format Version 12.00
# Visual Studio Version 16
VisualStudioVersion = 16.0.31911.196
MinimumVisualStudioVersion = 10.0.40219.1
Project("{9A19103F-16F7-4668-BE54-9A1E7A4F7556}") = "CalorieTracker.Server", "CalorieTracker\Server\CalorieTracker.Server.csproj", "{EC6F3988-7697-4A6F-931B-ECE576959736}"
EndProject
Project("{9A19103F-16F7-4668-BE54-9A1E7A4F7556}") = "CalorieTracker.Client", "CalorieTracker\Client\CalorieTracker.Client.csproj", "{B9C8230B-0761-4735-B124-2DE7BDE75185}"
EndProject
Project("{9A19103F-16F7-4668-BE54-9A1E7A4F7556}") = "CalorieTracker.Shared", "CalorieTracker\Shared\CalorieTracker.Shared.csproj", "{5E700913-5AAB-4791-B338-179411E99789}"
EndProject
Project("{2150E333-8FDC-42A3-9474-1A3956D46DE8}") = "Solution Items", "Solution Items", "{5B1F2AB7-E981-43EC-BCE5-34438D98B54D}"
	ProjectSection(SolutionItems) = preProject
		.gitignore = .gitignore
	EndProjectSection
EndProject
Global
	GlobalSection(SolutionConfigurationPlatforms) = preSolution
		Debug|Any CPU = Debug|Any CPU
		Release|Any CPU = Release|Any CPU
	EndGlobalSection
	GlobalSection(ProjectConfigurationPlatforms) = postSolution
		{EC6F3988-7697-4A6F-931B-ECE576959736}.Debug|Any CPU.ActiveCfg = Debug|Any CPU
		{EC6F3988-7697-4A6F-931B-ECE576959736}.Debug|Any CPU.Build.0 = Debug|Any CPU
		{EC6F3988-7697-4A6F-931B-ECE576959736}.Release|Any CPU.ActiveCfg = Release|Any CPU
		{EC6F3988-7697-4A6F-931B-ECE576959736}.Release|Any CPU.Build.0 = Release|Any CPU
		{B9C8230B-0761-4735-B124-2DE7BDE75185}.Debug|Any CPU.ActiveCfg = Debug|Any CPU
		{B9C8230B-0761-4735-B124-2DE7BDE75185}.Debug|Any CPU.Build.0 = Debug|Any CPU
		{B9C8230B-0761-4735-B124-2DE7BDE75185}.Release|Any CPU.ActiveCfg = Release|Any CPU
		{B9C8230B-0761-4735-B124-2DE7BDE75185}.Release|Any CPU.Build.0 = Release|Any CPU
		{5E700913-5AAB-4791-B338-179411E99789}.Debug|Any CPU.ActiveCfg = Debug|Any CPU
		{5E700913-5AAB-4791-B338-179411E99789}.Debug|Any CPU.Build.0 = Debug|Any CPU
		{5E700913-5AAB-4791-B338-179411E99789}.Release|Any CPU.ActiveCfg = Release|Any CPU
		{5E700913-5AAB-4791-B338-179411E99789}.Release|Any CPU.Build.0 = Release|Any CPU
	EndGlobalSection
	GlobalSection(SolutionProperties) = preSolution
		HideSolutionNode = FALSE
	EndGlobalSection
	GlobalSection(ExtensibilityGlobals) = postSolution
		SolutionGuid = {21534224-053C-4D8F-A2DC-70376920BCE1}
	EndGlobalSection
EndGlobal
